// !$*UTF8*$!
{
	archiveVersion = 1;
	classes = {
	};
	objectVersion = 46;
	objects = {

/* Begin PBXBuildFile section */
		106E938D1A3BA36A00DCC6EE /* main.m in Sources */ = {isa = PBXBuildFile; fileRef = 106E938C1A3BA36A00DCC6EE /* main.m */; };
		106E93901A3BA36A00DCC6EE /* AppDelegate.m in Sources */ = {isa = PBXBuildFile; fileRef = 106E938F1A3BA36A00DCC6EE /* AppDelegate.m */; };
		106E93931A3BA36A00DCC6EE /* ViewController.m in Sources */ = {isa = PBXBuildFile; fileRef = 106E93921A3BA36A00DCC6EE /* ViewController.m */; };
		106E93961A3BA36A00DCC6EE /* Main.storyboard in Resources */ = {isa = PBXBuildFile; fileRef = 106E93941A3BA36A00DCC6EE /* Main.storyboard */; };
		106E93981A3BA36A00DCC6EE /* Images.xcassets in Resources */ = {isa = PBXBuildFile; fileRef = 106E93971A3BA36A00DCC6EE /* Images.xcassets */; };
		106E939B1A3BA36A00DCC6EE /* LaunchScreen.xib in Resources */ = {isa = PBXBuildFile; fileRef = 106E93991A3BA36A00DCC6EE /* LaunchScreen.xib */; };
		106E93A71A3BA36A00DCC6EE /* PathAnimationTests.m in Sources */ = {isa = PBXBuildFile; fileRef = 106E93A61A3BA36A00DCC6EE /* PathAnimationTests.m */; };
/* End PBXBuildFile section */

/* Begin PBXContainerItemProxy section */
		106E93A11A3BA36A00DCC6EE /* PBXContainerItemProxy */ = {
			isa = PBXContainerItemProxy;
			containerPortal = 106E937F1A3BA36900DCC6EE /* Project object */;
			proxyType = 1;
			remoteGlobalIDString = 106E93861A3BA36A00DCC6EE;
			remoteInfo = PathAnimation;
		};
/* End PBXContainerItemProxy section */

/* Begin PBXFileReference section */
		106E93871A3BA36A00DCC6EE /* PathAnimation.app */ = {isa = PBXFileReference; explicitFileType = wrapper.application; includeInIndex = 0; path = PathAnimation.app; sourceTree = BUILT_PRODUCTS_DIR; };
		106E938B1A3BA36A00DCC6EE /* Info.plist */ = {isa = PBXFileReference; lastKnownFileType = text.plist.xml; path = Info.plist; sourceTree = "<group>"; };
		106E938C1A3BA36A00DCC6EE /* main.m */ = {isa = PBXFileReference; lastKnownFileType = sourcecode.c.objc; path = main.m; sourceTree = "<group>"; };
		106E938E1A3BA36A00DCC6EE /* AppDelegate.h */ = {isa = PBXFileReference; lastKnownFileType = sourcecode.c.h; path = AppDelegate.h; sourceTree = "<group>"; };
		106E938F1A3BA36A00DCC6EE /* AppDelegate.m */ = {isa = PBXFileReference; lastKnownFileType = sourcecode.c.objc; path = AppDelegate.m; sourceTree = "<group>"; };
		106E93911A3BA36A00DCC6EE /* ViewController.h */ = {isa = PBXFileReference; lastKnownFileType = sourcecode.c.h; path = ViewController.h; sourceTree = "<group>"; };
		106E93921A3BA36A00DCC6EE /* ViewController.m */ = {isa = PBXFileReference; lastKnownFileType = sourcecode.c.objc; path = ViewController.m; sourceTree = "<group>"; };
		106E93951A3BA36A00DCC6EE /* Base */ = {isa = PBXFileReference; lastKnownFileType = file.storyboard; name = Base; path = Base.lproj/Main.storyboard; sourceTree = "<group>"; };
		106E93971A3BA36A00DCC6EE /* Images.xcassets */ = {isa = PBXFileReference; lastKnownFileType = folder.assetcatalog; path = Images.xcassets; sourceTree = "<group>"; };
		106E939A1A3BA36A00DCC6EE /* Base */ = {isa = PBXFileReference; lastKnownFileType = file.xib; name = Base; path = Base.lproj/LaunchScreen.xib; sourceTree = "<group>"; };
		106E93A01A3BA36A00DCC6EE /* PathAnimationTests.xctest */ = {isa = PBXFileReference; explicitFileType = wrapper.cfbundle; includeInIndex = 0; path = PathAnimationTests.xctest; sourceTree = BUILT_PRODUCTS_DIR; };
		106E93A51A3BA36A00DCC6EE /* Info.plist */ = {isa = PBXFileReference; lastKnownFileType = text.plist.xml; path = Info.plist; sourceTree = "<group>"; };
		106E93A61A3BA36A00DCC6EE /* PathAnimationTests.m */ = {isa = PBXFileReference; lastKnownFileType = sourcecode.c.objc; path = PathAnimationTests.m; sourceTree = "<group>"; };
/* End PBXFileReference section */

/* Begin PBXFrameworksBuildPhase section */
		106E93841A3BA36A00DCC6EE /* Frameworks */ = {
			isa = PBXFrameworksBuildPhase;
			buildActionMask = 2147483647;
			files = (
			);
			runOnlyForDeploymentPostprocessing = 0;
		};
		106E939D1A3BA36A00DCC6EE /* Frameworks */ = {
			isa = PBXFrameworksBuildPhase;
			buildActionMask = 2147483647;
			files = (
			);
			runOnlyForDeploymentPostprocessing = 0;
		};
/* End PBXFrameworksBuildPhase section */

/* Begin PBXGroup section */
		106E937E1A3BA36900DCC6EE = {
			isa = PBXGroup;
			children = (
				106E93891A3BA36A00DCC6EE /* PathAnimation */,
				106E93A31A3BA36A00DCC6EE /* PathAnimationTests */,
				106E93881A3BA36A00DCC6EE /* Products */,
			);
			sourceTree = "<group>";
		};
		106E93881A3BA36A00DCC6EE /* Products */ = {
			isa = PBXGroup;
			children = (
				106E93871A3BA36A00DCC6EE /* PathAnimation.app */,
				106E93A01A3BA36A00DCC6EE /* PathAnimationTests.xctest */,
			);
			name = Products;
			sourceTree = "<group>";
		};
		106E93891A3BA36A00DCC6EE /* PathAnimation */ = {
			isa = PBXGroup;
			children = (
				106E938E1A3BA36A00DCC6EE /* AppDelegate.h */,
				106E938F1A3BA36A00DCC6EE /* AppDelegate.m */,
				106E93911A3BA36A00DCC6EE /* ViewController.h */,
				106E93921A3BA36A00DCC6EE /* ViewController.m */,
				106E93941A3BA36A00DCC6EE /* Main.storyboard */,
				106E93971A3BA36A00DCC6EE /* Images.xcassets */,
				106E93991A3BA36A00DCC6EE /* LaunchScreen.xib */,
				106E938A1A3BA36A00DCC6EE /* Supporting Files */,
			);
			path = PathAnimation;
			sourceTree = "<group>";
		};
		106E938A1A3BA36A00DCC6EE /* Supporting Files */ = {
			isa = PBXGroup;
			children = (
				106E938B1A3BA36A00DCC6EE /* Info.plist */,
				106E938C1A3BA36A00DCC6EE /* main.m */,
			);
			name = "Supporting Files";
			sourceTree = "<group>";
		};
		106E93A31A3BA36A00DCC6EE /* PathAnimationTests */ = {
			isa = PBXGroup;
			children = (
				106E93A61A3BA36A00DCC6EE /* PathAnimationTests.m */,
				106E93A41A3BA36A00DCC6EE /* Supporting Files */,
			);
			path = PathAnimationTests;
			sourceTree = "<group>";
		};
		106E93A41A3BA36A00DCC6EE /* Supporting Files */ = {
			isa = PBXGroup;
			children = (
				106E93A51A3BA36A00DCC6EE /* Info.plist */,
			);
			name = "Supporting Files";
			sourceTree = "<group>";
		};
/* End PBXGroup section */

/* Begin PBXNativeTarget section */
		106E93861A3BA36A00DCC6EE /* PathAnimation */ = {
			isa = PBXNativeTarget;
			buildConfigurationList = 106E93AA1A3BA36A00DCC6EE /* Build configuration list for PBXNativeTarget "PathAnimation" */;
			buildPhases = (
				106E93831A3BA36A00DCC6EE /* Sources */,
				106E93841A3BA36A00DCC6EE /* Frameworks */,
				106E93851A3BA36A00DCC6EE /* Resources */,
			);
			buildRules = (
			);
			dependencies = (
			);
			name = PathAnimation;
			productName = PathAnimation;
			productReference = 106E93871A3BA36A00DCC6EE /* PathAnimation.app */;
			productType = "com.apple.product-type.application";
		};
		106E939F1A3BA36A00DCC6EE /* PathAnimationTests */ = {
			isa = PBXNativeTarget;
			buildConfigurationList = 106E93AD1A3BA36A00DCC6EE /* Build configuration list for PBXNativeTarget "PathAnimationTests" */;
			buildPhases = (
				106E939C1A3BA36A00DCC6EE /* Sources */,
				106E939D1A3BA36A00DCC6EE /* Frameworks */,
				106E939E1A3BA36A00DCC6EE /* Resources */,
			);
			buildRules = (
			);
			dependencies = (
				106E93A21A3BA36A00DCC6EE /* PBXTargetDependency */,
			);
			name = PathAnimationTests;
			productName = PathAnimationTests;
			productReference = 106E93A01A3BA36A00DCC6EE /* PathAnimationTests.xctest */;
			productType = "com.apple.product-type.bundle.unit-test";
		};
/* End PBXNativeTarget section */

/* Begin PBXProject section */
		106E937F1A3BA36900DCC6EE /* Project object */ = {
			isa = PBXProject;
			attributes = {
				LastUpgradeCheck = 0610;
				ORGANIZATIONNAME = YouXianMing;
				TargetAttributes = {
					106E93861A3BA36A00DCC6EE = {
						CreatedOnToolsVersion = 6.1;
					};
					106E939F1A3BA36A00DCC6EE = {
						CreatedOnToolsVersion = 6.1;
						TestTargetID = 106E93861A3BA36A00DCC6EE;
					};
				};
			};
			buildConfigurationList = 106E93821A3BA36900DCC6EE /* Build configuration list for PBXProject "PathAnimation" */;
			compatibilityVersion = "Xcode 3.2";
			developmentRegion = English;
			hasScannedForEncodings = 0;
			knownRegions = (
				en,
				Base,
			);
			mainGroup = 106E937E1A3BA36900DCC6EE;
			productRefGroup = 106E93881A3BA36A00DCC6EE /* Products */;
			projectDirPath = "";
			projectRoot = "";
			targets = (
				106E93861A3BA36A00DCC6EE /* PathAnimation */,
				106E939F1A3BA36A00DCC6EE /* PathAnimationTests */,
			);
		};
/* End PBXProject section */

/* Begin PBXResourcesBuildPhase section */
		106E93851A3BA36A00DCC6EE /* Resources */ = {
			isa = PBXResourcesBuildPhase;
			buildActionMask = 2147483647;
			files = (
				106E93961A3BA36A00DCC6EE /* Main.storyboard in Resources */,
				106E939B1A3BA36A00DCC6EE /* LaunchScreen.xib in Resources */,
				106E93981A3BA36A00DCC6EE /* Images.xcassets in Resources */,
			);
			runOnlyForDeploymentPostprocessing = 0;
		};
		106E939E1A3BA36A00DCC6EE /* Resources */ = {
			isa = PBXResourcesBuildPhase;
			buildActionMask = 2147483647;
			files = (
			);
			runOnlyForDeploymentPostprocessing = 0;
		};
/* End PBXResourcesBuildPhase section */

/* Begin PBXSourcesBuildPhase section */
		106E93831A3BA36A00DCC6EE /* Sources */ = {
			isa = PBXSourcesBuildPhase;
			buildActionMask = 2147483647;
			files = (
				106E93931A3BA36A00DCC6EE /* ViewController.m in Sources */,
				106E93901A3BA36A00DCC6EE /* AppDelegate.m in Sources */,
				106E938D1A3BA36A00DCC6EE /* main.m in Sources */,
			);
			runOnlyForDeploymentPostprocessing = 0;
		};
		106E939C1A3BA36A00DCC6EE /* Sources */ = {
			isa = PBXSourcesBuildPhase;
			buildActionMask = 2147483647;
			files = (
				106E93A71A3BA36A00DCC6EE /* PathAnimationTests.m in Sources */,
			);
			runOnlyForDeploymentPostprocessing = 0;
		};
/* End PBXSourcesBuildPhase section */

/* Begin PBXTargetDependency section */
		106E93A21A3BA36A00DCC6EE /* PBXTargetDependency */ = {
			isa = PBXTargetDependency;
			target = 106E93861A3BA36A00DCC6EE /* PathAnimation */;
			targetProxy = 106E93A11A3BA36A00DCC6EE /* PBXContainerItemProxy */;
		};
/* End PBXTargetDependency section */

/* Begin PBXVariantGroup section */
		106E93941A3BA36A00DCC6EE /* Main.storyboard */ = {
			isa = PBXVariantGroup;
			children = (
				106E93951A3BA36A00DCC6EE /* Base */,
			);
			name = Main.storyboard;
			sourceTree = "<group>";
		};
		106E93991A3BA36A00DCC6EE /* LaunchScreen.xib */ = {
			isa = PBXVariantGroup;
			children = (
				106E939A1A3BA36A00DCC6EE /* Base */,
			);
			name = LaunchScreen.xib;
			sourceTree = "<group>";
		};
/* End PBXVariantGroup section */

/* Begin XCBuildConfiguration section */
		106E93A81A3BA36A00DCC6EE /* Debug */ = {
			isa = XCBuildConfiguration;
			buildSettings = {
				ALWAYS_SEARCH_USER_PATHS = NO;
				CLANG_CXX_LANGUAGE_STANDARD = "gnu++0x";
				CLANG_CXX_LIBRARY = "libc++";
				CLANG_ENABLE_MODULES = YES;
				CLANG_ENABLE_OBJC_ARC = YES;
				CLANG_WARN_BOOL_CONVERSION = YES;
				CLANG_WARN_CONSTANT_CONVERSION = YES;
				CLANG_WARN_DIRECT_OBJC_ISA_USAGE = YES_ERROR;
				CLANG_WARN_EMPTY_BODY = YES;
				CLANG_WARN_ENUM_CONVERSION = YES;
				CLANG_WARN_INT_CONVERSION = YES;
				CLANG_WARN_OBJC_ROOT_CLASS = YES_ERROR;
				CLANG_WARN_UNREACHABLE_CODE = YES;
				CLANG_WARN__DUPLICATE_METHOD_MATCH = YES;
				"CODE_SIGN_IDENTITY[sdk=iphoneos*]" = "iPhone Developer";
				COPY_PHASE_STRIP = NO;
				ENABLE_STRICT_OBJC_MSGSEND = YES;
				GCC_C_LANGUAGE_STANDARD = gnu99;
				GCC_DYNAMIC_NO_PIC = NO;
				GCC_OPTIMIZATION_LEVEL = 0;
				GCC_PREPROCESSOR_DEFINITIONS = (
					"DEBUG=1",
					"$(inherited)",
				);
				GCC_SYMBOLS_PRIVATE_EXTERN = NO;
				GCC_WARN_64_TO_32_BIT_CONVERSION = YES;
				GCC_WARN_ABOUT_RETURN_TYPE = YES_ERROR;
				GCC_WARN_UNDECLARED_SELECTOR = YES;
				GCC_WARN_UNINITIALIZED_AUTOS = YES_AGGRESSIVE;
				GCC_WARN_UNUSED_FUNCTION = YES;
				GCC_WARN_UNUSED_VARIABLE = YES;
				IPHONEOS_DEPLOYMENT_TARGET = 8.1;
				MTL_ENABLE_DEBUG_INFO = YES;
				ONLY_ACTIVE_ARCH = YES;
				SDKROOT = iphoneos;
			};
			name = Debug;
		};
		106E93A91A3BA36A00DCC6EE /* Release */ = {
			isa = XCBuildConfiguration;
			buildSettings = {
				ALWAYS_SEARCH_USER_PATHS = NO;
				CLANG_CXX_LANGUAGE_STANDARD = "gnu++0x";
				CLANG_CXX_LIBRARY = "libc++";
				CLANG_ENABLE_MODULES = YES;
				CLANG_ENABLE_OBJC_ARC = YES;
				CLANG_WARN_BOOL_CONVERSION = YES;
				CLANG_WARN_CONSTANT_CONVERSION = YES;
				CLANG_WARN_DIRECT_OBJC_ISA_USAGE = YES_ERROR;
				CLANG_WARN_EMPTY_BODY = YES;
				CLANG_WARN_ENUM_CONVERSION = YES;
				CLANG_WARN_INT_CONVERSION = YES;
				CLANG_WARN_OBJC_ROOT_CLASS = YES_ERROR;
				CLANG_WARN_UNREACHABLE_CODE = YES;
				CLANG_WARN__DUPLICATE_METHOD_MATCH = YES;
				"CODE_SIGN_IDENTITY[sdk=iphoneos*]" = "iPhone Developer";
				COPY_PHASE_STRIP = YES;
				ENABLE_NS_ASSERTIONS = NO;
				ENABLE_STRICT_OBJC_MSGSEND = YES;
				GCC_C_LANGUAGE_STANDARD = gnu99;
				GCC_WARN_64_TO_32_BIT_CONVERSION = YES;
				GCC_WARN_ABOUT_RETURN_TYPE = YES_ERROR;
				GCC_WARN_UNDECLARED_SELECTOR = YES;
				GCC_WARN_UNINITIALIZED_AUTOS = YES_AGGRESSIVE;
				GCC_WARN_UNUSED_FUNCTION = YES;
				GCC_WARN_UNUSED_VARIABLE = YES;
				IPHONEOS_DEPLOYMENT_TARGET = 8.1;
				MTL_ENABLE_DEBUG_INFO = NO;
				SDKROOT = iphoneos;
				VALIDATE_PRODUCT = YES;
			};
			name = Release;
		};
		106E93AB1A3BA36A00DCC6EE /* Debug */ = {
			isa = XCBuildConfiguration;
			buildSettings = {
				ASSETCATALOG_COMPILER_APPICON_NAME = AppIcon;
				INFOPLIST_FILE = PathAnimation/Info.plist;
				LD_RUNPATH_SEARCH_PATHS = "$(inherited) @executable_path/Frameworks";
				PRODUCT_NAME = "$(TARGET_NAME)";
			};
			name = Debug;
		};
		106E93AC1A3BA36A00DCC6EE /* Release */ = {
			isa = XCBuildConfiguration;
			buildSettings = {
				ASSETCATALOG_COMPILER_APPICON_NAME = AppIcon;
				INFOPLIST_FILE = PathAnimation/Info.plist;
				LD_RUNPATH_SEARCH_PATHS = "$(inherited) @executable_path/Frameworks";
				PRODUCT_NAME = "$(TARGET_NAME)";
			};
			name = Release;
		};
		106E93AE1A3BA36A00DCC6EE /* Debug */ = {
			isa = XCBuildConfiguration;
			buildSettings = {
				BUNDLE_LOADER = "$(TEST_HOST)";
				FRAMEWORK_SEARCH_PATHS = (
					"$(SDKROOT)/Developer/Library/Frameworks",
					"$(inherited)",
				);
				GCC_PREPROCESSOR_DEFINITIONS = (
					"DEBUG=1",
					"$(inherited)",
				);
				INFOPLIST_FILE = PathAnimationTests/Info.plist;
				LD_RUNPATH_SEARCH_PATHS = "$(inherited) @executable_path/Frameworks @loader_path/Frameworks";
				PRODUCT_NAME = "$(TARGET_NAME)";
				TEST_HOST = "$(BUILT_PRODUCTS_DIR)/PathAnimation.app/PathAnimation";
			};
			name = Debug;
		};
		106E93AF1A3BA36A00DCC6EE /* Release */ = {
			isa = XCBuildConfiguration;
			buildSettings = {
				BUNDLE_LOADER = "$(TEST_HOST)";
				FRAMEWORK_SEARCH_PATHS = (
					"$(SDKROOT)/Developer/Library/Frameworks",
					"$(inherited)",
				);
				INFOPLIST_FILE = PathAnimationTests/Info.plist;
				LD_RUNPATH_SEARCH_PATHS = "$(inherited) @executable_path/Frameworks @loader_path/Frameworks";
				PRODUCT_NAME = "$(TARGET_NAME)";
				TEST_HOST = "$(BUILT_PRODUCTS_DIR)/PathAnimation.app/PathAnimation";
			};
			name = Release;
		};
/* End XCBuildConfiguration section */

/* Begin XCConfigurationList section */
		106E93821A3BA36900DCC6EE /* Build configuration list for PBXProject "PathAnimation" */ = {
			isa = XCConfigurationList;
			buildConfigurations = (
				106E93A81A3BA36A00DCC6EE /* Debug */,
				106E93A91A3BA36A00DCC6EE /* Release */,
			);
			defaultConfigurationIsVisible = 0;
			defaultConfigurationName = Release;
		};
		106E93AA1A3BA36A00DCC6EE /* Build configuration list for PBXNativeTarget "PathAnimation" */ = {
			isa = XCConfigurationList;
			buildConfigurations = (
				106E93AB1A3BA36A00DCC6EE /* Debug */,
				106E93AC1A3BA36A00DCC6EE /* Release */,
			);
			defaultConfigurationIsVisible = 0;
		};
		106E93AD1A3BA36A00DCC6EE /* Build configuration list for PBXNativeTarget "PathAnimationTests" */ = {
			isa = XCConfigurationList;
			buildConfigurations = (
				106E93AE1A3BA36A00DCC6EE /* Debug */,
				106E93AF1A3BA36A00DCC6EE /* Release */,
			);
			defaultConfigurationIsVisible = 0;
		};
/* End XCConfigurationList section */
	};
	rootObject = 106E937F1A3BA36900DCC6EE /* Project object */;
}
