// !$*UTF8*$!
{
	archiveVersion = 1;
	classes = {
	};
	objectVersion = 46;
	objects = {

/* Begin PBXBuildFile section */
		106687181A73111E001E818B /* main.m in Sources */ = {isa = PBXBuildFile; fileRef = 106687171A73111E001E818B /* main.m */; };
		1066871B1A73111E001E818B /* AppDelegate.m in Sources */ = {isa = PBXBuildFile; fileRef = 1066871A1A73111E001E818B /* AppDelegate.m */; };
		1066871E1A73111E001E818B /* ViewController.m in Sources */ = {isa = PBXBuildFile; fileRef = 1066871D1A73111E001E818B /* ViewController.m */; };
		106687211A73111E001E818B /* Main.storyboard in Resources */ = {isa = PBXBuildFile; fileRef = 1066871F1A73111E001E818B /* Main.storyboard */; };
		106687231A73111E001E818B /* Images.xcassets in Resources */ = {isa = PBXBuildFile; fileRef = 106687221A73111E001E818B /* Images.xcassets */; };
		106687261A73111E001E818B /* LaunchScreen.xib in Resources */ = {isa = PBXBuildFile; fileRef = 106687241A73111E001E818B /* LaunchScreen.xib */; };
		106687321A73111E001E818B /* CubicAnimationTests.m in Sources */ = {isa = PBXBuildFile; fileRef = 106687311A73111E001E818B /* CubicAnimationTests.m */; };
		1066873F1A73113C001E818B /* easing.c in Sources */ = {isa = PBXBuildFile; fileRef = 1066873B1A73113C001E818B /* easing.c */; };
		106687401A73113C001E818B /* YXEasing.m in Sources */ = {isa = PBXBuildFile; fileRef = 1066873E1A73113C001E818B /* YXEasing.m */; };
		106687421A731147001E818B /* pic.PNG in Resources */ = {isa = PBXBuildFile; fileRef = 106687411A731147001E818B /* pic.PNG */; };
/* End PBXBuildFile section */

/* Begin PBXContainerItemProxy section */
		1066872C1A73111E001E818B /* PBXContainerItemProxy */ = {
			isa = PBXContainerItemProxy;
			containerPortal = 1066870A1A73111E001E818B /* Project object */;
			proxyType = 1;
			remoteGlobalIDString = 106687111A73111E001E818B;
			remoteInfo = CubicAnimation;
		};
/* End PBXContainerItemProxy section */

/* Begin PBXFileReference section */
		106687121A73111E001E818B /* CubicAnimation.app */ = {isa = PBXFileReference; explicitFileType = wrapper.application; includeInIndex = 0; path = CubicAnimation.app; sourceTree = BUILT_PRODUCTS_DIR; };
		106687161A73111E001E818B /* Info.plist */ = {isa = PBXFileReference; lastKnownFileType = text.plist.xml; path = Info.plist; sourceTree = "<group>"; };
		106687171A73111E001E818B /* main.m */ = {isa = PBXFileReference; lastKnownFileType = sourcecode.c.objc; path = main.m; sourceTree = "<group>"; };
		106687191A73111E001E818B /* AppDelegate.h */ = {isa = PBXFileReference; lastKnownFileType = sourcecode.c.h; path = AppDelegate.h; sourceTree = "<group>"; };
		1066871A1A73111E001E818B /* AppDelegate.m */ = {isa = PBXFileReference; lastKnownFileType = sourcecode.c.objc; path = AppDelegate.m; sourceTree = "<group>"; };
		1066871C1A73111E001E818B /* ViewController.h */ = {isa = PBXFileReference; lastKnownFileType = sourcecode.c.h; path = ViewController.h; sourceTree = "<group>"; };
		1066871D1A73111E001E818B /* ViewController.m */ = {isa = PBXFileReference; lastKnownFileType = sourcecode.c.objc; path = ViewController.m; sourceTree = "<group>"; };
		106687201A73111E001E818B /* Base */ = {isa = PBXFileReference; lastKnownFileType = file.storyboard; name = Base; path = Base.lproj/Main.storyboard; sourceTree = "<group>"; };
		106687221A73111E001E818B /* Images.xcassets */ = {isa = PBXFileReference; lastKnownFileType = folder.assetcatalog; path = Images.xcassets; sourceTree = "<group>"; };
		106687251A73111E001E818B /* Base */ = {isa = PBXFileReference; lastKnownFileType = file.xib; name = Base; path = Base.lproj/LaunchScreen.xib; sourceTree = "<group>"; };
		1066872B1A73111E001E818B /* CubicAnimationTests.xctest */ = {isa = PBXFileReference; explicitFileType = wrapper.cfbundle; includeInIndex = 0; path = CubicAnimationTests.xctest; sourceTree = BUILT_PRODUCTS_DIR; };
		106687301A73111E001E818B /* Info.plist */ = {isa = PBXFileReference; lastKnownFileType = text.plist.xml; path = Info.plist; sourceTree = "<group>"; };
		106687311A73111E001E818B /* CubicAnimationTests.m */ = {isa = PBXFileReference; lastKnownFileType = sourcecode.c.objc; path = CubicAnimationTests.m; sourceTree = "<group>"; };
		1066873B1A73113C001E818B /* easing.c */ = {isa = PBXFileReference; fileEncoding = 4; lastKnownFileType = sourcecode.c.c; path = easing.c; sourceTree = "<group>"; };
		1066873C1A73113C001E818B /* easing.h */ = {isa = PBXFileReference; fileEncoding = 4; lastKnownFileType = sourcecode.c.h; path = easing.h; sourceTree = "<group>"; };
		1066873D1A73113C001E818B /* YXEasing.h */ = {isa = PBXFileReference; fileEncoding = 4; lastKnownFileType = sourcecode.c.h; path = YXEasing.h; sourceTree = "<group>"; };
		1066873E1A73113C001E818B /* YXEasing.m */ = {isa = PBXFileReference; fileEncoding = 4; lastKnownFileType = sourcecode.c.objc; path = YXEasing.m; sourceTree = "<group>"; };
		106687411A731147001E818B /* pic.PNG */ = {isa = PBXFileReference; lastKnownFileType = image.png; path = pic.PNG; sourceTree = "<group>"; };
/* End PBXFileReference section */

/* Begin PBXFrameworksBuildPhase section */
		1066870F1A73111E001E818B /* Frameworks */ = {
			isa = PBXFrameworksBuildPhase;
			buildActionMask = 2147483647;
			files = (
			);
			runOnlyForDeploymentPostprocessing = 0;
		};
		106687281A73111E001E818B /* Frameworks */ = {
			isa = PBXFrameworksBuildPhase;
			buildActionMask = 2147483647;
			files = (
			);
			runOnlyForDeploymentPostprocessing = 0;
		};
/* End PBXFrameworksBuildPhase section */

/* Begin PBXGroup section */
		106687091A73111E001E818B = {
			isa = PBXGroup;
			children = (
				106687141A73111E001E818B /* CubicAnimation */,
				1066872E1A73111E001E818B /* CubicAnimationTests */,
				106687131A73111E001E818B /* Products */,
			);
			sourceTree = "<group>";
		};
		106687131A73111E001E818B /* Products */ = {
			isa = PBXGroup;
			children = (
				106687121A73111E001E818B /* CubicAnimation.app */,
				1066872B1A73111E001E818B /* CubicAnimationTests.xctest */,
			);
			name = Products;
			sourceTree = "<group>";
		};
		106687141A73111E001E818B /* CubicAnimation */ = {
			isa = PBXGroup;
			children = (
				106687191A73111E001E818B /* AppDelegate.h */,
				1066871A1A73111E001E818B /* AppDelegate.m */,
				1066871C1A73111E001E818B /* ViewController.h */,
				1066871D1A73111E001E818B /* ViewController.m */,
				106687411A731147001E818B /* pic.PNG */,
				1066873B1A73113C001E818B /* easing.c */,
				1066873C1A73113C001E818B /* easing.h */,
				1066873D1A73113C001E818B /* YXEasing.h */,
				1066873E1A73113C001E818B /* YXEasing.m */,
				1066871F1A73111E001E818B /* Main.storyboard */,
				106687221A73111E001E818B /* Images.xcassets */,
				106687241A73111E001E818B /* LaunchScreen.xib */,
				106687151A73111E001E818B /* Supporting Files */,
			);
			path = CubicAnimation;
			sourceTree = "<group>";
		};
		106687151A73111E001E818B /* Supporting Files */ = {
			isa = PBXGroup;
			children = (
				106687161A73111E001E818B /* Info.plist */,
				106687171A73111E001E818B /* main.m */,
			);
			name = "Supporting Files";
			sourceTree = "<group>";
		};
		1066872E1A73111E001E818B /* CubicAnimationTests */ = {
			isa = PBXGroup;
			children = (
				106687311A73111E001E818B /* CubicAnimationTests.m */,
				1066872F1A73111E001E818B /* Supporting Files */,
			);
			path = CubicAnimationTests;
			sourceTree = "<group>";
		};
		1066872F1A73111E001E818B /* Supporting Files */ = {
			isa = PBXGroup;
			children = (
				106687301A73111E001E818B /* Info.plist */,
			);
			name = "Supporting Files";
			sourceTree = "<group>";
		};
/* End PBXGroup section */

/* Begin PBXNativeTarget section */
		106687111A73111E001E818B /* CubicAnimation */ = {
			isa = PBXNativeTarget;
			buildConfigurationList = 106687351A73111E001E818B /* Build configuration list for PBXNativeTarget "CubicAnimation" */;
			buildPhases = (
				1066870E1A73111E001E818B /* Sources */,
				1066870F1A73111E001E818B /* Frameworks */,
				106687101A73111E001E818B /* Resources */,
			);
			buildRules = (
			);
			dependencies = (
			);
			name = CubicAnimation;
			productName = CubicAnimation;
			productReference = 106687121A73111E001E818B /* CubicAnimation.app */;
			productType = "com.apple.product-type.application";
		};
		1066872A1A73111E001E818B /* CubicAnimationTests */ = {
			isa = PBXNativeTarget;
			buildConfigurationList = 106687381A73111E001E818B /* Build configuration list for PBXNativeTarget "CubicAnimationTests" */;
			buildPhases = (
				106687271A73111E001E818B /* Sources */,
				106687281A73111E001E818B /* Frameworks */,
				106687291A73111E001E818B /* Resources */,
			);
			buildRules = (
			);
			dependencies = (
				1066872D1A73111E001E818B /* PBXTargetDependency */,
			);
			name = CubicAnimationTests;
			productName = CubicAnimationTests;
			productReference = 1066872B1A73111E001E818B /* CubicAnimationTests.xctest */;
			productType = "com.apple.product-type.bundle.unit-test";
		};
/* End PBXNativeTarget section */

/* Begin PBXProject section */
		1066870A1A73111E001E818B /* Project object */ = {
			isa = PBXProject;
			attributes = {
				LastUpgradeCheck = 0610;
				ORGANIZATIONNAME = YouXianMing;
				TargetAttributes = {
					106687111A73111E001E818B = {
						CreatedOnToolsVersion = 6.1.1;
					};
					1066872A1A73111E001E818B = {
						CreatedOnToolsVersion = 6.1.1;
						TestTargetID = 106687111A73111E001E818B;
					};
				};
			};
			buildConfigurationList = 1066870D1A73111E001E818B /* Build configuration list for PBXProject "CubicAnimation" */;
			compatibilityVersion = "Xcode 3.2";
			developmentRegion = English;
			hasScannedForEncodings = 0;
			knownRegions = (
				en,
				Base,
			);
			mainGroup = 106687091A73111E001E818B;
			productRefGroup = 106687131A73111E001E818B /* Products */;
			projectDirPath = "";
			projectRoot = "";
			targets = (
				106687111A73111E001E818B /* CubicAnimation */,
				1066872A1A73111E001E818B /* CubicAnimationTests */,
			);
		};
/* End PBXProject section */

/* Begin PBXResourcesBuildPhase section */
		106687101A73111E001E818B /* Resources */ = {
			isa = PBXResourcesBuildPhase;
			buildActionMask = 2147483647;
			files = (
				106687211A73111E001E818B /* Main.storyboard in Resources */,
				106687261A73111E001E818B /* LaunchScreen.xib in Resources */,
				106687421A731147001E818B /* pic.PNG in Resources */,
				106687231A73111E001E818B /* Images.xcassets in Resources */,
			);
			runOnlyForDeploymentPostprocessing = 0;
		};
		106687291A73111E001E818B /* Resources */ = {
			isa = PBXResourcesBuildPhase;
			buildActionMask = 2147483647;
			files = (
			);
			runOnlyForDeploymentPostprocessing = 0;
		};
/* End PBXResourcesBuildPhase section */

/* Begin PBXSourcesBuildPhase section */
		1066870E1A73111E001E818B /* Sources */ = {
			isa = PBXSourcesBuildPhase;
			buildActionMask = 2147483647;
			files = (
				1066873F1A73113C001E818B /* easing.c in Sources */,
				106687401A73113C001E818B /* YXEasing.m in Sources */,
				1066871E1A73111E001E818B /* ViewController.m in Sources */,
				1066871B1A73111E001E818B /* AppDelegate.m in Sources */,
				106687181A73111E001E818B /* main.m in Sources */,
			);
			runOnlyForDeploymentPostprocessing = 0;
		};
		106687271A73111E001E818B /* Sources */ = {
			isa = PBXSourcesBuildPhase;
			buildActionMask = 2147483647;
			files = (
				106687321A73111E001E818B /* CubicAnimationTests.m in Sources */,
			);
			runOnlyForDeploymentPostprocessing = 0;
		};
/* End PBXSourcesBuildPhase section */

/* Begin PBXTargetDependency section */
		1066872D1A73111E001E818B /* PBXTargetDependency */ = {
			isa = PBXTargetDependency;
			target = 106687111A73111E001E818B /* CubicAnimation */;
			targetProxy = 1066872C1A73111E001E818B /* PBXContainerItemProxy */;
		};
/* End PBXTargetDependency section */

/* Begin PBXVariantGroup section */
		1066871F1A73111E001E818B /* Main.storyboard */ = {
			isa = PBXVariantGroup;
			children = (
				106687201A73111E001E818B /* Base */,
			);
			name = Main.storyboard;
			sourceTree = "<group>";
		};
		106687241A73111E001E818B /* LaunchScreen.xib */ = {
			isa = PBXVariantGroup;
			children = (
				106687251A73111E001E818B /* Base */,
			);
			name = LaunchScreen.xib;
			sourceTree = "<group>";
		};
/* End PBXVariantGroup section */

/* Begin XCBuildConfiguration section */
		106687331A73111E001E818B /* Debug */ = {
			isa = XCBuildConfiguration;
			buildSettings = {
				ALWAYS_SEARCH_USER_PATHS = NO;
				CLANG_CXX_LANGUAGE_STANDARD = "gnu++0x";
				CLANG_CXX_LIBRARY = "libc++";
				CLANG_ENABLE_MODULES = YES;
				CLANG_ENABLE_OBJC_ARC = YES;
				CLANG_WARN_BOOL_CONVERSION = YES;
				CLANG_WARN_CONSTANT_CONVERSION = YES;
				CLANG_WARN_DIRECT_OBJC_ISA_USAGE = YES_ERROR;
				CLANG_WARN_EMPTY_BODY = YES;
				CLANG_WARN_ENUM_CONVERSION = YES;
				CLANG_WARN_INT_CONVERSION = YES;
				CLANG_WARN_OBJC_ROOT_CLASS = YES_ERROR;
				CLANG_WARN_UNREACHABLE_CODE = YES;
				CLANG_WARN__DUPLICATE_METHOD_MATCH = YES;
				"CODE_SIGN_IDENTITY[sdk=iphoneos*]" = "iPhone Developer";
				COPY_PHASE_STRIP = NO;
				ENABLE_STRICT_OBJC_MSGSEND = YES;
				GCC_C_LANGUAGE_STANDARD = gnu99;
				GCC_DYNAMIC_NO_PIC = NO;
				GCC_OPTIMIZATION_LEVEL = 0;
				GCC_PREPROCESSOR_DEFINITIONS = (
					"DEBUG=1",
					"$(inherited)",
				);
				GCC_SYMBOLS_PRIVATE_EXTERN = NO;
				GCC_WARN_64_TO_32_BIT_CONVERSION = YES;
				GCC_WARN_ABOUT_RETURN_TYPE = YES_ERROR;
				GCC_WARN_UNDECLARED_SELECTOR = YES;
				GCC_WARN_UNINITIALIZED_AUTOS = YES_AGGRESSIVE;
				GCC_WARN_UNUSED_FUNCTION = YES;
				GCC_WARN_UNUSED_VARIABLE = YES;
				IPHONEOS_DEPLOYMENT_TARGET = 8.1;
				MTL_ENABLE_DEBUG_INFO = YES;
				ONLY_ACTIVE_ARCH = YES;
				SDKROOT = iphoneos;
			};
			name = Debug;
		};
		106687341A73111E001E818B /* Release */ = {
			isa = XCBuildConfiguration;
			buildSettings = {
				ALWAYS_SEARCH_USER_PATHS = NO;
				CLANG_CXX_LANGUAGE_STANDARD = "gnu++0x";
				CLANG_CXX_LIBRARY = "libc++";
				CLANG_ENABLE_MODULES = YES;
				CLANG_ENABLE_OBJC_ARC = YES;
				CLANG_WARN_BOOL_CONVERSION = YES;
				CLANG_WARN_CONSTANT_CONVERSION = YES;
				CLANG_WARN_DIRECT_OBJC_ISA_USAGE = YES_ERROR;
				CLANG_WARN_EMPTY_BODY = YES;
				CLANG_WARN_ENUM_CONVERSION = YES;
				CLANG_WARN_INT_CONVERSION = YES;
				CLANG_WARN_OBJC_ROOT_CLASS = YES_ERROR;
				CLANG_WARN_UNREACHABLE_CODE = YES;
				CLANG_WARN__DUPLICATE_METHOD_MATCH = YES;
				"CODE_SIGN_IDENTITY[sdk=iphoneos*]" = "iPhone Developer";
				COPY_PHASE_STRIP = YES;
				ENABLE_NS_ASSERTIONS = NO;
				ENABLE_STRICT_OBJC_MSGSEND = YES;
				GCC_C_LANGUAGE_STANDARD = gnu99;
				GCC_WARN_64_TO_32_BIT_CONVERSION = YES;
				GCC_WARN_ABOUT_RETURN_TYPE = YES_ERROR;
				GCC_WARN_UNDECLARED_SELECTOR = YES;
				GCC_WARN_UNINITIALIZED_AUTOS = YES_AGGRESSIVE;
				GCC_WARN_UNUSED_FUNCTION = YES;
				GCC_WARN_UNUSED_VARIABLE = YES;
				IPHONEOS_DEPLOYMENT_TARGET = 8.1;
				MTL_ENABLE_DEBUG_INFO = NO;
				SDKROOT = iphoneos;
				VALIDATE_PRODUCT = YES;
			};
			name = Release;
		};
		106687361A73111E001E818B /* Debug */ = {
			isa = XCBuildConfiguration;
			buildSettings = {
				ASSETCATALOG_COMPILER_APPICON_NAME = AppIcon;
				INFOPLIST_FILE = CubicAnimation/Info.plist;
				LD_RUNPATH_SEARCH_PATHS = "$(inherited) @executable_path/Frameworks";
				PRODUCT_NAME = "$(TARGET_NAME)";
			};
			name = Debug;
		};
		106687371A73111E001E818B /* Release */ = {
			isa = XCBuildConfiguration;
			buildSettings = {
				ASSETCATALOG_COMPILER_APPICON_NAME = AppIcon;
				INFOPLIST_FILE = CubicAnimation/Info.plist;
				LD_RUNPATH_SEARCH_PATHS = "$(inherited) @executable_path/Frameworks";
				PRODUCT_NAME = "$(TARGET_NAME)";
			};
			name = Release;
		};
		106687391A73111E001E818B /* Debug */ = {
			isa = XCBuildConfiguration;
			buildSettings = {
				BUNDLE_LOADER = "$(TEST_HOST)";
				FRAMEWORK_SEARCH_PATHS = (
					"$(SDKROOT)/Developer/Library/Frameworks",
					"$(inherited)",
				);
				GCC_PREPROCESSOR_DEFINITIONS = (
					"DEBUG=1",
					"$(inherited)",
				);
				INFOPLIST_FILE = CubicAnimationTests/Info.plist;
				LD_RUNPATH_SEARCH_PATHS = "$(inherited) @executable_path/Frameworks @loader_path/Frameworks";
				PRODUCT_NAME = "$(TARGET_NAME)";
				TEST_HOST = "$(BUILT_PRODUCTS_DIR)/CubicAnimation.app/CubicAnimation";
			};
			name = Debug;
		};
		1066873A1A73111E001E818B /* Release */ = {
			isa = XCBuildConfiguration;
			buildSettings = {
				BUNDLE_LOADER = "$(TEST_HOST)";
				FRAMEWORK_SEARCH_PATHS = (
					"$(SDKROOT)/Developer/Library/Frameworks",
					"$(inherited)",
				);
				INFOPLIST_FILE = CubicAnimationTests/Info.plist;
				LD_RUNPATH_SEARCH_PATHS = "$(inherited) @executable_path/Frameworks @loader_path/Frameworks";
				PRODUCT_NAME = "$(TARGET_NAME)";
				TEST_HOST = "$(BUILT_PRODUCTS_DIR)/CubicAnimation.app/CubicAnimation";
			};
			name = Release;
		};
/* End XCBuildConfiguration section */

/* Begin XCConfigurationList section */
		1066870D1A73111E001E818B /* Build configuration list for PBXProject "CubicAnimation" */ = {
			isa = XCConfigurationList;
			buildConfigurations = (
				106687331A73111E001E818B /* Debug */,
				106687341A73111E001E818B /* Release */,
			);
			defaultConfigurationIsVisible = 0;
			defaultConfigurationName = Release;
		};
		106687351A73111E001E818B /* Build configuration list for PBXNativeTarget "CubicAnimation" */ = {
			isa = XCConfigurationList;
			buildConfigurations = (
				106687361A73111E001E818B /* Debug */,
				106687371A73111E001E818B /* Release */,
			);
			defaultConfigurationIsVisible = 0;
		};
		106687381A73111E001E818B /* Build configuration list for PBXNativeTarget "CubicAnimationTests" */ = {
			isa = XCConfigurationList;
			buildConfigurations = (
				106687391A73111E001E818B /* Debug */,
				1066873A1A73111E001E818B /* Release */,
			);
			defaultConfigurationIsVisible = 0;
		};
/* End XCConfigurationList section */
	};
	rootObject = 1066870A1A73111E001E818B /* Project object */;
}
